// !$*UTF8*$!
{
	archiveVersion = 1;
	classes = {
	};
	objectVersion = 50;
	objects = {

/* Begin PBXBuildFile section */
		11264012216A58A2008ED24C /* TestValidateAliasingSuccess.swift in Sources */ = {isa = PBXBuildFile; fileRef = 11264011216A58A2008ED24C /* TestValidateAliasingSuccess.swift */; };
		11264014216A5B8B008ED24C /* TestValidatePlainAliasingError.swift in Sources */ = {isa = PBXBuildFile; fileRef = 11264013216A5B8B008ED24C /* TestValidatePlainAliasingError.swift */; };
		11264016216A5C07008ED24C /* TestTypealiasedAliasingSuccess.swift in Sources */ = {isa = PBXBuildFile; fileRef = 11264015216A5C07008ED24C /* TestTypealiasedAliasingSuccess.swift */; };
		11264018216A5C68008ED24C /* TestFullTypealiasedAliasingSuccess.swift in Sources */ = {isa = PBXBuildFile; fileRef = 11264017216A5C68008ED24C /* TestFullTypealiasedAliasingSuccess.swift */; };
		1126401A216A5CB6008ED24C /* TestComposedTypealiasSuccess.swift in Sources */ = {isa = PBXBuildFile; fileRef = 11264019216A5CB6008ED24C /* TestComposedTypealiasSuccess.swift */; };
		1126401C216A5CF6008ED24C /* TestComposedTypealiasError.swift in Sources */ = {isa = PBXBuildFile; fileRef = 1126401B216A5CF6008ED24C /* TestComposedTypealiasError.swift */; };
		1126401E216A5D26008ED24C /* TestTypealiasedComposedTypealiasSuccess.swift in Sources */ = {isa = PBXBuildFile; fileRef = 1126401D216A5D26008ED24C /* TestTypealiasedComposedTypealiasSuccess.swift */; };
		11264020216A5D7C008ED24C /* TestFullTypealiasedComposedAliasingSuccess.swift in Sources */ = {isa = PBXBuildFile; fileRef = 1126401F216A5D7C008ED24C /* TestFullTypealiasedComposedAliasingSuccess.swift */; };
		11264022216A5DB4008ED24C /* TestComposedTypealiasFailure.swift in Sources */ = {isa = PBXBuildFile; fileRef = 11264021216A5DB4008ED24C /* TestComposedTypealiasFailure.swift */; };
		11264024216A5E26008ED24C /* TestTypealiasedComposedAliasingFailure.swift in Sources */ = {isa = PBXBuildFile; fileRef = 11264023216A5E26008ED24C /* TestTypealiasedComposedAliasingFailure.swift */; };
		112BF5B6214AD4D400299AD1 /* ViewController.swift in Sources */ = {isa = PBXBuildFile; fileRef = 112BF5B5214AD4D300299AD1 /* ViewController.swift */; };
		112D67A6216927B700A9E6DF /* TestProtocolCompositionAliasing.swift in Sources */ = {isa = PBXBuildFile; fileRef = 112D67A5216927B700A9E6DF /* TestProtocolCompositionAliasing.swift */; };
		112D67A82169370400A9E6DF /* TestWrappedProtocolCompositionAliasing.swift in Sources */ = {isa = PBXBuildFile; fileRef = 112D67A72169370400A9E6DF /* TestWrappedProtocolCompositionAliasing.swift */; };
		112D67AC21694EF200A9E6DF /* TestTypealiasedRegistrationAliasing.swift in Sources */ = {isa = PBXBuildFile; fileRef = 112D67AB21694EF200A9E6DF /* TestTypealiasedRegistrationAliasing.swift */; };
		112D67AE2169501A00A9E6DF /* TestTypealiasedClassRegistration.swift in Sources */ = {isa = PBXBuildFile; fileRef = 112D67AD2169501A00A9E6DF /* TestTypealiasedClassRegistration.swift */; };
		112D67B02169510C00A9E6DF /* TestTypealiasedVariableInjection.swift in Sources */ = {isa = PBXBuildFile; fileRef = 112D67AF2169510C00A9E6DF /* TestTypealiasedVariableInjection.swift */; };
		112D67B22169543A00A9E6DF /* TestTypealiasedMethodInjection.swift in Sources */ = {isa = PBXBuildFile; fileRef = 112D67B12169543A00A9E6DF /* TestTypealiasedMethodInjection.swift */; };
		112D67B4216954D500A9E6DF /* TestTypealiasedCompositionedMethodInjection.swift in Sources */ = {isa = PBXBuildFile; fileRef = 112D67B3216954D500A9E6DF /* TestTypealiasedCompositionedMethodInjection.swift */; };
		112D67B62169554500A9E6DF /* TestTypealiasedCompositionedVariableInjection.swift in Sources */ = {isa = PBXBuildFile; fileRef = 112D67B52169554500A9E6DF /* TestTypealiasedCompositionedVariableInjection.swift */; };
		117EFFDC2142FB210082EA06 /* AppDelegate.swift in Sources */ = {isa = PBXBuildFile; fileRef = 117EFFDB2142FB210082EA06 /* AppDelegate.swift */; };
		117EFFE12142FB210082EA06 /* Main.storyboard in Resources */ = {isa = PBXBuildFile; fileRef = 117EFFDF2142FB210082EA06 /* Main.storyboard */; };
		117EFFE32142FB230082EA06 /* Assets.xcassets in Resources */ = {isa = PBXBuildFile; fileRef = 117EFFE22142FB230082EA06 /* Assets.xcassets */; };
		117EFFE62142FB230082EA06 /* LaunchScreen.storyboard in Resources */ = {isa = PBXBuildFile; fileRef = 117EFFE42142FB230082EA06 /* LaunchScreen.storyboard */; };
		117EFFF22142FEC30082EA06 /* MyPresenter.swift in Sources */ = {isa = PBXBuildFile; fileRef = 117EFFF12142FEC30082EA06 /* MyPresenter.swift */; };
		117EFFF42142FEF40082EA06 /* MainDIPart.swift in Sources */ = {isa = PBXBuildFile; fileRef = 117EFFF32142FEF40082EA06 /* MainDIPart.swift */; };
		D9702440A11CC123D48D7EAB /* Pods_LintableProject.framework in Frameworks */ = {isa = PBXBuildFile; fileRef = 90DD9BCF1810B25E7A234F34 /* Pods_LintableProject.framework */; };
		FD642E4021623D7E0049E0BF /* TestPlainRegistration.swift in Sources */ = {isa = PBXBuildFile; fileRef = FD642E3F21623D7E0049E0BF /* TestPlainRegistration.swift */; };
		FD642E4221623DEE0049E0BF /* TestPlainGenericRegistration.swift in Sources */ = {isa = PBXBuildFile; fileRef = FD642E4121623DEE0049E0BF /* TestPlainGenericRegistration.swift */; };
		FD642E4421623E320049E0BF /* TestNestedClassPlainRegistration.swift in Sources */ = {isa = PBXBuildFile; fileRef = FD642E4321623E320049E0BF /* TestNestedClassPlainRegistration.swift */; };
		FD642E4621623E670049E0BF /* TestNestedGenericClassRegistration.swift in Sources */ = {isa = PBXBuildFile; fileRef = FD642E4521623E670049E0BF /* TestNestedGenericClassRegistration.swift */; };
		FD642E4821623E930049E0BF /* TestExplicitInitRegistration.swift in Sources */ = {isa = PBXBuildFile; fileRef = FD642E4721623E930049E0BF /* TestExplicitInitRegistration.swift */; };
		FD642E4A21623EC30049E0BF /* TestImplicitInitRegistration.swift in Sources */ = {isa = PBXBuildFile; fileRef = FD642E4921623EC30049E0BF /* TestImplicitInitRegistration.swift */; };
		FD642E4C21623EFD0049E0BF /* TestImplicitDroppedInitRegistration.swift in Sources */ = {isa = PBXBuildFile; fileRef = FD642E4B21623EFD0049E0BF /* TestImplicitDroppedInitRegistration.swift */; };
		FD642E4E21623F250049E0BF /* TestExplicitGenericInitRegistration.swift in Sources */ = {isa = PBXBuildFile; fileRef = FD642E4D21623F250049E0BF /* TestExplicitGenericInitRegistration.swift */; };
		FD642E5021623F500049E0BF /* TestNestedExplicitGenericInitRegistration.swift in Sources */ = {isa = PBXBuildFile; fileRef = FD642E4F21623F500049E0BF /* TestNestedExplicitGenericInitRegistration.swift */; };
		FD642E5221623FA70049E0BF /* TestNotAllVariablesInjectionInMethod.swift in Sources */ = {isa = PBXBuildFile; fileRef = FD642E5121623FA70049E0BF /* TestNotAllVariablesInjectionInMethod.swift */; };
		FD642E5421623FF20049E0BF /* TestPlainAliasing.swift in Sources */ = {isa = PBXBuildFile; fileRef = FD642E5321623FF20049E0BF /* TestPlainAliasing.swift */; };
		FD642E56216240350049E0BF /* TestTaggedAliasing.swift in Sources */ = {isa = PBXBuildFile; fileRef = FD642E55216240350049E0BF /* TestTaggedAliasing.swift */; };
		FD642E58216240720049E0BF /* TestExplicitKeyPathInjection.swift in Sources */ = {isa = PBXBuildFile; fileRef = FD642E57216240720049E0BF /* TestExplicitKeyPathInjection.swift */; };
		FD642E5A2162409B0049E0BF /* TestImplicitKeyPathInjection.swift in Sources */ = {isa = PBXBuildFile; fileRef = FD642E592162409B0049E0BF /* TestImplicitKeyPathInjection.swift */; };
		FD642E5C216240BE0049E0BF /* TestPlainVariableInjection.swift in Sources */ = {isa = PBXBuildFile; fileRef = FD642E5B216240BE0049E0BF /* TestPlainVariableInjection.swift */; };
		FD642E5E216240D80049E0BF /* TestTypedVariableInjection.swift in Sources */ = {isa = PBXBuildFile; fileRef = FD642E5D216240D80049E0BF /* TestTypedVariableInjection.swift */; };
		FD642E60216241450049E0BF /* TestTypedAndTaggedVariableInjection.swift in Sources */ = {isa = PBXBuildFile; fileRef = FD642E5F216241450049E0BF /* TestTypedAndTaggedVariableInjection.swift */; };
		FD642E62216241840049E0BF /* TestTaggedModificatorKeyPathInjection.swift in Sources */ = {isa = PBXBuildFile; fileRef = FD642E61216241840049E0BF /* TestTaggedModificatorKeyPathInjection.swift */; };
		FD642E64216241CA0049E0BF /* TestMethodInjection.swift in Sources */ = {isa = PBXBuildFile; fileRef = FD642E63216241CA0049E0BF /* TestMethodInjection.swift */; };
		FD642E66216242000049E0BF /* TestVariableUsedRegistration.swift in Sources */ = {isa = PBXBuildFile; fileRef = FD642E65216242000049E0BF /* TestVariableUsedRegistration.swift */; };
		FD642E68216242250049E0BF /* TestDefaultMakingRegistration.swift in Sources */ = {isa = PBXBuildFile; fileRef = FD642E67216242250049E0BF /* TestDefaultMakingRegistration.swift */; };
		FD642E6A216242480049E0BF /* TestGenericArgumentVariableInjection.swift in Sources */ = {isa = PBXBuildFile; fileRef = FD642E69216242480049E0BF /* TestGenericArgumentVariableInjection.swift */; };
		FD642E6C216242970049E0BF /* TestGenericArgumentMethodInjection.swift in Sources */ = {isa = PBXBuildFile; fileRef = FD642E6B216242970049E0BF /* TestGenericArgumentMethodInjection.swift */; };
		FD642F79216345250049E0BF /* TestCycleRegistration.swift in Sources */ = {isa = PBXBuildFile; fileRef = FD642F78216345250049E0BF /* TestCycleRegistration.swift */; };
		FD642F7B216345950049E0BF /* TestSeveralRegistrations.swift in Sources */ = {isa = PBXBuildFile; fileRef = FD642F7A216345950049E0BF /* TestSeveralRegistrations.swift */; };
		FD642F7D216346CE0049E0BF /* TestSeveralDIParts.swift in Sources */ = {isa = PBXBuildFile; fileRef = FD642F7C216346CE0049E0BF /* TestSeveralDIParts.swift */; };
		FD6E0BE421663693007AA232 /* TestExplicitClosureGenericInitializerInjection.swift in Sources */ = {isa = PBXBuildFile; fileRef = FD6E0BE321663693007AA232 /* TestExplicitClosureGenericInitializerInjection.swift */; };
		FD6E0BE621663759007AA232 /* TestImplicitClosureGenericInitializerInjection.swift in Sources */ = {isa = PBXBuildFile; fileRef = FD6E0BE521663759007AA232 /* TestImplicitClosureGenericInitializerInjection.swift */; };
		FD6E0BE82166378A007AA232 /* TestImplicitPlainGenericInitializerInjection.swift in Sources */ = {isa = PBXBuildFile; fileRef = FD6E0BE72166378A007AA232 /* TestImplicitPlainGenericInitializerInjection.swift */; };
		FD6E0BEA21663899007AA232 /* TestTaggedInitializerInjection.swift in Sources */ = {isa = PBXBuildFile; fileRef = FD6E0BE921663899007AA232 /* TestTaggedInitializerInjection.swift */; };
		FD6E0BEC21663965007AA232 /* TestTypedInitializerInjection.swift in Sources */ = {isa = PBXBuildFile; fileRef = FD6E0BEB21663965007AA232 /* TestTypedInitializerInjection.swift */; };
		FD6E0BEE21663E8C007AA232 /* TestInheritedInitializerInjection.swift in Sources */ = {isa = PBXBuildFile; fileRef = FD6E0BED21663E8C007AA232 /* TestInheritedInitializerInjection.swift */; };
		FD6E0BF021663F05007AA232 /* TestInheritedVariableInjection.swift in Sources */ = {isa = PBXBuildFile; fileRef = FD6E0BEF21663F05007AA232 /* TestInheritedVariableInjection.swift */; };
		FD6E0BF221663F70007AA232 /* TestInheritedMethodInjection.swift in Sources */ = {isa = PBXBuildFile; fileRef = FD6E0BF121663F70007AA232 /* TestInheritedMethodInjection.swift */; };
/* End PBXBuildFile section */

/* Begin PBXFileReference section */
		11264011216A58A2008ED24C /* TestValidateAliasingSuccess.swift */ = {isa = PBXFileReference; lastKnownFileType = sourcecode.swift; path = TestValidateAliasingSuccess.swift; sourceTree = "<group>"; };
		11264013216A5B8B008ED24C /* TestValidatePlainAliasingError.swift */ = {isa = PBXFileReference; lastKnownFileType = sourcecode.swift; path = TestValidatePlainAliasingError.swift; sourceTree = "<group>"; };
		11264015216A5C07008ED24C /* TestTypealiasedAliasingSuccess.swift */ = {isa = PBXFileReference; lastKnownFileType = sourcecode.swift; path = TestTypealiasedAliasingSuccess.swift; sourceTree = "<group>"; };
		11264017216A5C68008ED24C /* TestFullTypealiasedAliasingSuccess.swift */ = {isa = PBXFileReference; lastKnownFileType = sourcecode.swift; path = TestFullTypealiasedAliasingSuccess.swift; sourceTree = "<group>"; };
		11264019216A5CB6008ED24C /* TestComposedTypealiasSuccess.swift */ = {isa = PBXFileReference; lastKnownFileType = sourcecode.swift; path = TestComposedTypealiasSuccess.swift; sourceTree = "<group>"; };
		1126401B216A5CF6008ED24C /* TestComposedTypealiasError.swift */ = {isa = PBXFileReference; lastKnownFileType = sourcecode.swift; path = TestComposedTypealiasError.swift; sourceTree = "<group>"; };
		1126401D216A5D26008ED24C /* TestTypealiasedComposedTypealiasSuccess.swift */ = {isa = PBXFileReference; lastKnownFileType = sourcecode.swift; path = TestTypealiasedComposedTypealiasSuccess.swift; sourceTree = "<group>"; };
		1126401F216A5D7C008ED24C /* TestFullTypealiasedComposedAliasingSuccess.swift */ = {isa = PBXFileReference; lastKnownFileType = sourcecode.swift; path = TestFullTypealiasedComposedAliasingSuccess.swift; sourceTree = "<group>"; };
		11264021216A5DB4008ED24C /* TestComposedTypealiasFailure.swift */ = {isa = PBXFileReference; lastKnownFileType = sourcecode.swift; path = TestComposedTypealiasFailure.swift; sourceTree = "<group>"; };
		11264023216A5E26008ED24C /* TestTypealiasedComposedAliasingFailure.swift */ = {isa = PBXFileReference; lastKnownFileType = sourcecode.swift; path = TestTypealiasedComposedAliasingFailure.swift; sourceTree = "<group>"; };
		112BF5B5214AD4D300299AD1 /* ViewController.swift */ = {isa = PBXFileReference; fileEncoding = 4; lastKnownFileType = sourcecode.swift; path = ViewController.swift; sourceTree = "<group>"; };
		112D67A5216927B700A9E6DF /* TestProtocolCompositionAliasing.swift */ = {isa = PBXFileReference; lastKnownFileType = sourcecode.swift; path = TestProtocolCompositionAliasing.swift; sourceTree = "<group>"; };
		112D67A72169370400A9E6DF /* TestWrappedProtocolCompositionAliasing.swift */ = {isa = PBXFileReference; lastKnownFileType = sourcecode.swift; path = TestWrappedProtocolCompositionAliasing.swift; sourceTree = "<group>"; };
		112D67AB21694EF200A9E6DF /* TestTypealiasedRegistrationAliasing.swift */ = {isa = PBXFileReference; lastKnownFileType = sourcecode.swift; path = TestTypealiasedRegistrationAliasing.swift; sourceTree = "<group>"; };
		112D67AD2169501A00A9E6DF /* TestTypealiasedClassRegistration.swift */ = {isa = PBXFileReference; lastKnownFileType = sourcecode.swift; path = TestTypealiasedClassRegistration.swift; sourceTree = "<group>"; };
		112D67AF2169510C00A9E6DF /* TestTypealiasedVariableInjection.swift */ = {isa = PBXFileReference; lastKnownFileType = sourcecode.swift; path = TestTypealiasedVariableInjection.swift; sourceTree = "<group>"; };
		112D67B12169543A00A9E6DF /* TestTypealiasedMethodInjection.swift */ = {isa = PBXFileReference; lastKnownFileType = sourcecode.swift; path = TestTypealiasedMethodInjection.swift; sourceTree = "<group>"; };
		112D67B3216954D500A9E6DF /* TestTypealiasedCompositionedMethodInjection.swift */ = {isa = PBXFileReference; lastKnownFileType = sourcecode.swift; path = TestTypealiasedCompositionedMethodInjection.swift; sourceTree = "<group>"; };
		112D67B52169554500A9E6DF /* TestTypealiasedCompositionedVariableInjection.swift */ = {isa = PBXFileReference; lastKnownFileType = sourcecode.swift; path = TestTypealiasedCompositionedVariableInjection.swift; sourceTree = "<group>"; };
		117EFFD82142FB210082EA06 /* LintableProject.app */ = {isa = PBXFileReference; explicitFileType = wrapper.application; includeInIndex = 0; path = LintableProject.app; sourceTree = BUILT_PRODUCTS_DIR; };
		117EFFDB2142FB210082EA06 /* AppDelegate.swift */ = {isa = PBXFileReference; lastKnownFileType = sourcecode.swift; path = AppDelegate.swift; sourceTree = "<group>"; };
		117EFFE02142FB210082EA06 /* Base */ = {isa = PBXFileReference; lastKnownFileType = file.storyboard; name = Base; path = Base.lproj/Main.storyboard; sourceTree = "<group>"; };
		117EFFE22142FB230082EA06 /* Assets.xcassets */ = {isa = PBXFileReference; lastKnownFileType = folder.assetcatalog; path = Assets.xcassets; sourceTree = "<group>"; };
		117EFFE52142FB230082EA06 /* Base */ = {isa = PBXFileReference; lastKnownFileType = file.storyboard; name = Base; path = Base.lproj/LaunchScreen.storyboard; sourceTree = "<group>"; };
		117EFFE72142FB230082EA06 /* Info.plist */ = {isa = PBXFileReference; lastKnownFileType = text.plist.xml; path = Info.plist; sourceTree = "<group>"; };
		117EFFF12142FEC30082EA06 /* MyPresenter.swift */ = {isa = PBXFileReference; lastKnownFileType = sourcecode.swift; path = MyPresenter.swift; sourceTree = "<group>"; };
		117EFFF32142FEF40082EA06 /* MainDIPart.swift */ = {isa = PBXFileReference; lastKnownFileType = sourcecode.swift; path = MainDIPart.swift; sourceTree = "<group>"; };
		6A58C79706F5DD0C467ADB0F /* Pods-LintableProject.debug.xcconfig */ = {isa = PBXFileReference; includeInIndex = 1; lastKnownFileType = text.xcconfig; name = "Pods-LintableProject.debug.xcconfig"; path = "Pods/Target Support Files/Pods-LintableProject/Pods-LintableProject.debug.xcconfig"; sourceTree = "<group>"; };
		90DD9BCF1810B25E7A234F34 /* Pods_LintableProject.framework */ = {isa = PBXFileReference; explicitFileType = wrapper.framework; includeInIndex = 0; path = Pods_LintableProject.framework; sourceTree = BUILT_PRODUCTS_DIR; };
		B155841C5469E9BB60055504 /* Pods-LintableProject.release.xcconfig */ = {isa = PBXFileReference; includeInIndex = 1; lastKnownFileType = text.xcconfig; name = "Pods-LintableProject.release.xcconfig"; path = "Pods/Target Support Files/Pods-LintableProject/Pods-LintableProject.release.xcconfig"; sourceTree = "<group>"; };
		FD642E3F21623D7E0049E0BF /* TestPlainRegistration.swift */ = {isa = PBXFileReference; lastKnownFileType = sourcecode.swift; path = TestPlainRegistration.swift; sourceTree = "<group>"; };
		FD642E4121623DEE0049E0BF /* TestPlainGenericRegistration.swift */ = {isa = PBXFileReference; lastKnownFileType = sourcecode.swift; path = TestPlainGenericRegistration.swift; sourceTree = "<group>"; };
		FD642E4321623E320049E0BF /* TestNestedClassPlainRegistration.swift */ = {isa = PBXFileReference; lastKnownFileType = sourcecode.swift; path = TestNestedClassPlainRegistration.swift; sourceTree = "<group>"; };
		FD642E4521623E670049E0BF /* TestNestedGenericClassRegistration.swift */ = {isa = PBXFileReference; lastKnownFileType = sourcecode.swift; path = TestNestedGenericClassRegistration.swift; sourceTree = "<group>"; };
		FD642E4721623E930049E0BF /* TestExplicitInitRegistration.swift */ = {isa = PBXFileReference; lastKnownFileType = sourcecode.swift; path = TestExplicitInitRegistration.swift; sourceTree = "<group>"; };
		FD642E4921623EC30049E0BF /* TestImplicitInitRegistration.swift */ = {isa = PBXFileReference; lastKnownFileType = sourcecode.swift; path = TestImplicitInitRegistration.swift; sourceTree = "<group>"; };
		FD642E4B21623EFD0049E0BF /* TestImplicitDroppedInitRegistration.swift */ = {isa = PBXFileReference; lastKnownFileType = sourcecode.swift; path = TestImplicitDroppedInitRegistration.swift; sourceTree = "<group>"; };
		FD642E4D21623F250049E0BF /* TestExplicitGenericInitRegistration.swift */ = {isa = PBXFileReference; lastKnownFileType = sourcecode.swift; path = TestExplicitGenericInitRegistration.swift; sourceTree = "<group>"; };
		FD642E4F21623F500049E0BF /* TestNestedExplicitGenericInitRegistration.swift */ = {isa = PBXFileReference; lastKnownFileType = sourcecode.swift; path = TestNestedExplicitGenericInitRegistration.swift; sourceTree = "<group>"; };
		FD642E5121623FA70049E0BF /* TestNotAllVariablesInjectionInMethod.swift */ = {isa = PBXFileReference; lastKnownFileType = sourcecode.swift; path = TestNotAllVariablesInjectionInMethod.swift; sourceTree = "<group>"; };
		FD642E5321623FF20049E0BF /* TestPlainAliasing.swift */ = {isa = PBXFileReference; lastKnownFileType = sourcecode.swift; path = TestPlainAliasing.swift; sourceTree = "<group>"; };
		FD642E55216240350049E0BF /* TestTaggedAliasing.swift */ = {isa = PBXFileReference; lastKnownFileType = sourcecode.swift; path = TestTaggedAliasing.swift; sourceTree = "<group>"; };
		FD642E57216240720049E0BF /* TestExplicitKeyPathInjection.swift */ = {isa = PBXFileReference; lastKnownFileType = sourcecode.swift; path = TestExplicitKeyPathInjection.swift; sourceTree = "<group>"; };
		FD642E592162409B0049E0BF /* TestImplicitKeyPathInjection.swift */ = {isa = PBXFileReference; lastKnownFileType = sourcecode.swift; path = TestImplicitKeyPathInjection.swift; sourceTree = "<group>"; };
		FD642E5B216240BE0049E0BF /* TestPlainVariableInjection.swift */ = {isa = PBXFileReference; lastKnownFileType = sourcecode.swift; path = TestPlainVariableInjection.swift; sourceTree = "<group>"; };
		FD642E5D216240D80049E0BF /* TestTypedVariableInjection.swift */ = {isa = PBXFileReference; lastKnownFileType = sourcecode.swift; path = TestTypedVariableInjection.swift; sourceTree = "<group>"; };
		FD642E5F216241450049E0BF /* TestTypedAndTaggedVariableInjection.swift */ = {isa = PBXFileReference; lastKnownFileType = sourcecode.swift; path = TestTypedAndTaggedVariableInjection.swift; sourceTree = "<group>"; };
		FD642E61216241840049E0BF /* TestTaggedModificatorKeyPathInjection.swift */ = {isa = PBXFileReference; lastKnownFileType = sourcecode.swift; path = TestTaggedModificatorKeyPathInjection.swift; sourceTree = "<group>"; };
		FD642E63216241CA0049E0BF /* TestMethodInjection.swift */ = {isa = PBXFileReference; lastKnownFileType = sourcecode.swift; path = TestMethodInjection.swift; sourceTree = "<group>"; };
		FD642E65216242000049E0BF /* TestVariableUsedRegistration.swift */ = {isa = PBXFileReference; lastKnownFileType = sourcecode.swift; path = TestVariableUsedRegistration.swift; sourceTree = "<group>"; };
		FD642E67216242250049E0BF /* TestDefaultMakingRegistration.swift */ = {isa = PBXFileReference; lastKnownFileType = sourcecode.swift; path = TestDefaultMakingRegistration.swift; sourceTree = "<group>"; };
		FD642E69216242480049E0BF /* TestGenericArgumentVariableInjection.swift */ = {isa = PBXFileReference; lastKnownFileType = sourcecode.swift; path = TestGenericArgumentVariableInjection.swift; sourceTree = "<group>"; };
		FD642E6B216242970049E0BF /* TestGenericArgumentMethodInjection.swift */ = {isa = PBXFileReference; lastKnownFileType = sourcecode.swift; path = TestGenericArgumentMethodInjection.swift; sourceTree = "<group>"; };
		FD642F78216345250049E0BF /* TestCycleRegistration.swift */ = {isa = PBXFileReference; lastKnownFileType = sourcecode.swift; path = TestCycleRegistration.swift; sourceTree = "<group>"; };
		FD642F7A216345950049E0BF /* TestSeveralRegistrations.swift */ = {isa = PBXFileReference; lastKnownFileType = sourcecode.swift; path = TestSeveralRegistrations.swift; sourceTree = "<group>"; };
		FD642F7C216346CE0049E0BF /* TestSeveralDIParts.swift */ = {isa = PBXFileReference; lastKnownFileType = sourcecode.swift; path = TestSeveralDIParts.swift; sourceTree = "<group>"; };
		FD6E0BE321663693007AA232 /* TestExplicitClosureGenericInitializerInjection.swift */ = {isa = PBXFileReference; lastKnownFileType = sourcecode.swift; path = TestExplicitClosureGenericInitializerInjection.swift; sourceTree = "<group>"; };
		FD6E0BE521663759007AA232 /* TestImplicitClosureGenericInitializerInjection.swift */ = {isa = PBXFileReference; lastKnownFileType = sourcecode.swift; path = TestImplicitClosureGenericInitializerInjection.swift; sourceTree = "<group>"; };
		FD6E0BE72166378A007AA232 /* TestImplicitPlainGenericInitializerInjection.swift */ = {isa = PBXFileReference; lastKnownFileType = sourcecode.swift; path = TestImplicitPlainGenericInitializerInjection.swift; sourceTree = "<group>"; };
		FD6E0BE921663899007AA232 /* TestTaggedInitializerInjection.swift */ = {isa = PBXFileReference; lastKnownFileType = sourcecode.swift; path = TestTaggedInitializerInjection.swift; sourceTree = "<group>"; };
		FD6E0BEB21663965007AA232 /* TestTypedInitializerInjection.swift */ = {isa = PBXFileReference; lastKnownFileType = sourcecode.swift; path = TestTypedInitializerInjection.swift; sourceTree = "<group>"; };
		FD6E0BED21663E8C007AA232 /* TestInheritedInitializerInjection.swift */ = {isa = PBXFileReference; lastKnownFileType = sourcecode.swift; path = TestInheritedInitializerInjection.swift; sourceTree = "<group>"; };
		FD6E0BEF21663F05007AA232 /* TestInheritedVariableInjection.swift */ = {isa = PBXFileReference; lastKnownFileType = sourcecode.swift; path = TestInheritedVariableInjection.swift; sourceTree = "<group>"; };
		FD6E0BF121663F70007AA232 /* TestInheritedMethodInjection.swift */ = {isa = PBXFileReference; lastKnownFileType = sourcecode.swift; path = TestInheritedMethodInjection.swift; sourceTree = "<group>"; };
/* End PBXFileReference section */

/* Begin PBXFrameworksBuildPhase section */
		117EFFD52142FB210082EA06 /* Frameworks */ = {
			isa = PBXFrameworksBuildPhase;
			buildActionMask = 2147483647;
			files = (
				D9702440A11CC123D48D7EAB /* Pods_LintableProject.framework in Frameworks */,
			);
			runOnlyForDeploymentPostprocessing = 0;
		};
/* End PBXFrameworksBuildPhase section */

/* Begin PBXGroup section */
		117EFFCF2142FB210082EA06 = {
			isa = PBXGroup;
			children = (
				117EFFDA2142FB210082EA06 /* LintableProject */,
				117EFFD92142FB210082EA06 /* Products */,
				8586AEA6E647EFD095579730 /* Pods */,
				ED5A3A9011EC5CDB3B196828 /* Frameworks */,
			);
			sourceTree = "<group>";
		};
		117EFFD92142FB210082EA06 /* Products */ = {
			isa = PBXGroup;
			children = (
				117EFFD82142FB210082EA06 /* LintableProject.app */,
			);
			name = Products;
			sourceTree = "<group>";
		};
		117EFFDA2142FB210082EA06 /* LintableProject */ = {
			isa = PBXGroup;
			children = (
				FD642E3E21623D620049E0BF /* Testable */,
				117EFFDB2142FB210082EA06 /* AppDelegate.swift */,
				112BF5B5214AD4D300299AD1 /* ViewController.swift */,
				117EFFF32142FEF40082EA06 /* MainDIPart.swift */,
				117EFFF12142FEC30082EA06 /* MyPresenter.swift */,
				117EFFDF2142FB210082EA06 /* Main.storyboard */,
				117EFFE22142FB230082EA06 /* Assets.xcassets */,
				117EFFE42142FB230082EA06 /* LaunchScreen.storyboard */,
				117EFFE72142FB230082EA06 /* Info.plist */,
			);
			path = LintableProject;
			sourceTree = "<group>";
		};
		8586AEA6E647EFD095579730 /* Pods */ = {
			isa = PBXGroup;
			children = (
				6A58C79706F5DD0C467ADB0F /* Pods-LintableProject.debug.xcconfig */,
				B155841C5469E9BB60055504 /* Pods-LintableProject.release.xcconfig */,
			);
			name = Pods;
			sourceTree = "<group>";
		};
		ED5A3A9011EC5CDB3B196828 /* Frameworks */ = {
			isa = PBXGroup;
			children = (
				90DD9BCF1810B25E7A234F34 /* Pods_LintableProject.framework */,
			);
			name = Frameworks;
			sourceTree = "<group>";
		};
		FD642E3E21623D620049E0BF /* Testable */ = {
			isa = PBXGroup;
			children = (
				FD642E3F21623D7E0049E0BF /* TestPlainRegistration.swift */,
				FD642E4121623DEE0049E0BF /* TestPlainGenericRegistration.swift */,
				FD642E4321623E320049E0BF /* TestNestedClassPlainRegistration.swift */,
				FD642E4521623E670049E0BF /* TestNestedGenericClassRegistration.swift */,
				FD642E4721623E930049E0BF /* TestExplicitInitRegistration.swift */,
				FD642E4921623EC30049E0BF /* TestImplicitInitRegistration.swift */,
				FD642E4B21623EFD0049E0BF /* TestImplicitDroppedInitRegistration.swift */,
				FD642E4D21623F250049E0BF /* TestExplicitGenericInitRegistration.swift */,
				FD642E4F21623F500049E0BF /* TestNestedExplicitGenericInitRegistration.swift */,
				FD642E5121623FA70049E0BF /* TestNotAllVariablesInjectionInMethod.swift */,
				FD642E5321623FF20049E0BF /* TestPlainAliasing.swift */,
				FD642E55216240350049E0BF /* TestTaggedAliasing.swift */,
				FD642E57216240720049E0BF /* TestExplicitKeyPathInjection.swift */,
				FD642E592162409B0049E0BF /* TestImplicitKeyPathInjection.swift */,
				FD642E5B216240BE0049E0BF /* TestPlainVariableInjection.swift */,
				FD642E5D216240D80049E0BF /* TestTypedVariableInjection.swift */,
				FD642E5F216241450049E0BF /* TestTypedAndTaggedVariableInjection.swift */,
				FD642E61216241840049E0BF /* TestTaggedModificatorKeyPathInjection.swift */,
				FD642E63216241CA0049E0BF /* TestMethodInjection.swift */,
				FD642E65216242000049E0BF /* TestVariableUsedRegistration.swift */,
				FD642E67216242250049E0BF /* TestDefaultMakingRegistration.swift */,
				FD642E69216242480049E0BF /* TestGenericArgumentVariableInjection.swift */,
				FD642E6B216242970049E0BF /* TestGenericArgumentMethodInjection.swift */,
				FD642F78216345250049E0BF /* TestCycleRegistration.swift */,
				FD642F7A216345950049E0BF /* TestSeveralRegistrations.swift */,
				FD642F7C216346CE0049E0BF /* TestSeveralDIParts.swift */,
				FD6E0BE321663693007AA232 /* TestExplicitClosureGenericInitializerInjection.swift */,
				FD6E0BE521663759007AA232 /* TestImplicitClosureGenericInitializerInjection.swift */,
				FD6E0BE72166378A007AA232 /* TestImplicitPlainGenericInitializerInjection.swift */,
				FD6E0BE921663899007AA232 /* TestTaggedInitializerInjection.swift */,
				FD6E0BEB21663965007AA232 /* TestTypedInitializerInjection.swift */,
				FD6E0BED21663E8C007AA232 /* TestInheritedInitializerInjection.swift */,
				FD6E0BEF21663F05007AA232 /* TestInheritedVariableInjection.swift */,
				FD6E0BF121663F70007AA232 /* TestInheritedMethodInjection.swift */,
				112D67A5216927B700A9E6DF /* TestProtocolCompositionAliasing.swift */,
				112D67A72169370400A9E6DF /* TestWrappedProtocolCompositionAliasing.swift */,
				112D67AB21694EF200A9E6DF /* TestTypealiasedRegistrationAliasing.swift */,
				112D67AD2169501A00A9E6DF /* TestTypealiasedClassRegistration.swift */,
				112D67AF2169510C00A9E6DF /* TestTypealiasedVariableInjection.swift */,
				112D67B12169543A00A9E6DF /* TestTypealiasedMethodInjection.swift */,
				112D67B3216954D500A9E6DF /* TestTypealiasedCompositionedMethodInjection.swift */,
				11264011216A58A2008ED24C /* TestValidateAliasingSuccess.swift */,
				11264013216A5B8B008ED24C /* TestValidatePlainAliasingError.swift */,
				11264015216A5C07008ED24C /* TestTypealiasedAliasingSuccess.swift */,
				11264017216A5C68008ED24C /* TestFullTypealiasedAliasingSuccess.swift */,
				11264019216A5CB6008ED24C /* TestComposedTypealiasSuccess.swift */,
				1126401B216A5CF6008ED24C /* TestComposedTypealiasError.swift */,
				1126401D216A5D26008ED24C /* TestTypealiasedComposedTypealiasSuccess.swift */,
				1126401F216A5D7C008ED24C /* TestFullTypealiasedComposedAliasingSuccess.swift */,
				11264021216A5DB4008ED24C /* TestComposedTypealiasFailure.swift */,
				11264023216A5E26008ED24C /* TestTypealiasedComposedAliasingFailure.swift */,
				112D67B52169554500A9E6DF /* TestTypealiasedCompositionedVariableInjection.swift */,
			);
			path = Testable;
			sourceTree = "<group>";
		};
/* End PBXGroup section */

/* Begin PBXNativeTarget section */
		117EFFD72142FB210082EA06 /* LintableProject */ = {
			isa = PBXNativeTarget;
			buildConfigurationList = 117EFFEA2142FB230082EA06 /* Build configuration list for PBXNativeTarget "LintableProject" */;
			buildPhases = (
				2911A670807116D0AE17E663 /* [CP] Check Pods Manifest.lock */,
				117EFFD42142FB210082EA06 /* Sources */,
				117EFFD52142FB210082EA06 /* Frameworks */,
				117EFFD62142FB210082EA06 /* Resources */,
				AC407540D2C0685322503B17 /* [CP] Embed Pods Frameworks */,
				11666C43216152CA00CD92FD /* ShellScript */,
			);
			buildRules = (
			);
			dependencies = (
			);
			name = LintableProject;
			productName = LintableProject;
			productReference = 117EFFD82142FB210082EA06 /* LintableProject.app */;
			productType = "com.apple.product-type.application";
		};
/* End PBXNativeTarget section */

/* Begin PBXProject section */
		117EFFD02142FB210082EA06 /* Project object */ = {
			isa = PBXProject;
			attributes = {
				LastSwiftUpdateCheck = 0940;
				LastUpgradeCheck = 0940;
				ORGANIZATIONNAME = Nikita;
				TargetAttributes = {
					117EFFD72142FB210082EA06 = {
						CreatedOnToolsVersion = 9.4.1;
					};
				};
			};
			buildConfigurationList = 117EFFD32142FB210082EA06 /* Build configuration list for PBXProject "LintableProject" */;
			compatibilityVersion = "Xcode 9.3";
			developmentRegion = en;
			hasScannedForEncodings = 0;
			knownRegions = (
				en,
				Base,
			);
			mainGroup = 117EFFCF2142FB210082EA06;
			productRefGroup = 117EFFD92142FB210082EA06 /* Products */;
			projectDirPath = "";
			projectRoot = "";
			targets = (
				117EFFD72142FB210082EA06 /* LintableProject */,
			);
		};
/* End PBXProject section */

/* Begin PBXResourcesBuildPhase section */
		117EFFD62142FB210082EA06 /* Resources */ = {
			isa = PBXResourcesBuildPhase;
			buildActionMask = 2147483647;
			files = (
				117EFFE62142FB230082EA06 /* LaunchScreen.storyboard in Resources */,
				117EFFE32142FB230082EA06 /* Assets.xcassets in Resources */,
				117EFFE12142FB210082EA06 /* Main.storyboard in Resources */,
			);
			runOnlyForDeploymentPostprocessing = 0;
		};
/* End PBXResourcesBuildPhase section */

/* Begin PBXShellScriptBuildPhase section */
		11666C43216152CA00CD92FD /* ShellScript */ = {
			isa = PBXShellScriptBuildPhase;
			buildActionMask = 2147483647;
			files = (
			);
			inputFileListPaths = (
			);
			inputPaths = (
			);
			outputFileListPaths = (
			);
			outputPaths = (
			);
			runOnlyForDeploymentPostprocessing = 0;
			shellPath = /bin/sh;
			shellScript = "\"${SRCROOT}/Scripts/ditranquillitylint\"\n";
		};
		2911A670807116D0AE17E663 /* [CP] Check Pods Manifest.lock */ = {
			isa = PBXShellScriptBuildPhase;
			buildActionMask = 2147483647;
			files = (
			);
			inputPaths = (
				"${PODS_PODFILE_DIR_PATH}/Podfile.lock",
				"${PODS_ROOT}/Manifest.lock",
			);
			name = "[CP] Check Pods Manifest.lock";
			outputPaths = (
				"$(DERIVED_FILE_DIR)/Pods-LintableProject-checkManifestLockResult.txt",
			);
			runOnlyForDeploymentPostprocessing = 0;
			shellPath = /bin/sh;
			shellScript = "diff \"${PODS_PODFILE_DIR_PATH}/Podfile.lock\" \"${PODS_ROOT}/Manifest.lock\" > /dev/null\nif [ $? != 0 ] ; then\n    # print error to STDERR\n    echo \"error: The sandbox is not in sync with the Podfile.lock. Run 'pod install' or update your CocoaPods installation.\" >&2\n    exit 1\nfi\n# This output is used by Xcode 'outputs' to avoid re-running this script phase.\necho \"SUCCESS\" > \"${SCRIPT_OUTPUT_FILE_0}\"\n";
			showEnvVarsInLog = 0;
		};
		AC407540D2C0685322503B17 /* [CP] Embed Pods Frameworks */ = {
			isa = PBXShellScriptBuildPhase;
			buildActionMask = 2147483647;
			files = (
			);
			inputPaths = (
				"${SRCROOT}/Pods/Target Support Files/Pods-LintableProject/Pods-LintableProject-frameworks.sh",
				"${BUILT_PRODUCTS_DIR}/DITranquillity/DITranquillity.framework",
				"${BUILT_PRODUCTS_DIR}/SwiftLazy/SwiftLazy.framework",
			);
			name = "[CP] Embed Pods Frameworks";
			outputPaths = (
				"${TARGET_BUILD_DIR}/${FRAMEWORKS_FOLDER_PATH}/DITranquillity.framework",
				"${TARGET_BUILD_DIR}/${FRAMEWORKS_FOLDER_PATH}/SwiftLazy.framework",
			);
			runOnlyForDeploymentPostprocessing = 0;
			shellPath = /bin/sh;
			shellScript = "\"${SRCROOT}/Pods/Target Support Files/Pods-LintableProject/Pods-LintableProject-frameworks.sh\"\n";
			showEnvVarsInLog = 0;
		};
/* End PBXShellScriptBuildPhase section */

/* Begin PBXSourcesBuildPhase section */
		117EFFD42142FB210082EA06 /* Sources */ = {
			isa = PBXSourcesBuildPhase;
			buildActionMask = 2147483647;
			files = (
				11264020216A5D7C008ED24C /* TestFullTypealiasedComposedAliasingSuccess.swift in Sources */,
				112BF5B6214AD4D400299AD1 /* ViewController.swift in Sources */,
				FD642E4C21623EFD0049E0BF /* TestImplicitDroppedInitRegistration.swift in Sources */,
				117EFFF42142FEF40082EA06 /* MainDIPart.swift in Sources */,
				FD642E5021623F500049E0BF /* TestNestedExplicitGenericInitRegistration.swift in Sources */,
				FD642E4421623E320049E0BF /* TestNestedClassPlainRegistration.swift in Sources */,
				FD642E5221623FA70049E0BF /* TestNotAllVariablesInjectionInMethod.swift in Sources */,
				FD642E60216241450049E0BF /* TestTypedAndTaggedVariableInjection.swift in Sources */,
				FD6E0BEC21663965007AA232 /* TestTypedInitializerInjection.swift in Sources */,
				112D67A82169370400A9E6DF /* TestWrappedProtocolCompositionAliasing.swift in Sources */,
				FD642E58216240720049E0BF /* TestExplicitKeyPathInjection.swift in Sources */,
				FD642E4A21623EC30049E0BF /* TestImplicitInitRegistration.swift in Sources */,
				FD6E0BE421663693007AA232 /* TestExplicitClosureGenericInitializerInjection.swift in Sources */,
				FD642E56216240350049E0BF /* TestTaggedAliasing.swift in Sources */,
				FD6E0BE621663759007AA232 /* TestImplicitClosureGenericInitializerInjection.swift in Sources */,
				FD6E0BEA21663899007AA232 /* TestTaggedInitializerInjection.swift in Sources */,
				FD642E64216241CA0049E0BF /* TestMethodInjection.swift in Sources */,
				FD642E66216242000049E0BF /* TestVariableUsedRegistration.swift in Sources */,
				FD642E4021623D7E0049E0BF /* TestPlainRegistration.swift in Sources */,
				112D67B22169543A00A9E6DF /* TestTypealiasedMethodInjection.swift in Sources */,
				FD642F79216345250049E0BF /* TestCycleRegistration.swift in Sources */,
				FD642F7D216346CE0049E0BF /* TestSeveralDIParts.swift in Sources */,
				FD642E68216242250049E0BF /* TestDefaultMakingRegistration.swift in Sources */,
				1126401C216A5CF6008ED24C /* TestComposedTypealiasError.swift in Sources */,
				112D67A6216927B700A9E6DF /* TestProtocolCompositionAliasing.swift in Sources */,
				FD642E5C216240BE0049E0BF /* TestPlainVariableInjection.swift in Sources */,
				FD642E4621623E670049E0BF /* TestNestedGenericClassRegistration.swift in Sources */,
				112D67B62169554500A9E6DF /* TestTypealiasedCompositionedVariableInjection.swift in Sources */,
				1126401A216A5CB6008ED24C /* TestComposedTypealiasSuccess.swift in Sources */,
				11264018216A5C68008ED24C /* TestFullTypealiasedAliasingSuccess.swift in Sources */,
				11264012216A58A2008ED24C /* TestValidateAliasingSuccess.swift in Sources */,
				FD642E5421623FF20049E0BF /* TestPlainAliasing.swift in Sources */,
				FD642E4221623DEE0049E0BF /* TestPlainGenericRegistration.swift in Sources */,
				FD642E5A2162409B0049E0BF /* TestImplicitKeyPathInjection.swift in Sources */,
				112D67AC21694EF200A9E6DF /* TestTypealiasedRegistrationAliasing.swift in Sources */,
				11264014216A5B8B008ED24C /* TestValidatePlainAliasingError.swift in Sources */,
				FD6E0BF221663F70007AA232 /* TestInheritedMethodInjection.swift in Sources */,
				FD642E6C216242970049E0BF /* TestGenericArgumentMethodInjection.swift in Sources */,
				11264016216A5C07008ED24C /* TestTypealiasedAliasingSuccess.swift in Sources */,
				117EFFDC2142FB210082EA06 /* AppDelegate.swift in Sources */,
				FD6E0BF021663F05007AA232 /* TestInheritedVariableInjection.swift in Sources */,
				1126401E216A5D26008ED24C /* TestTypealiasedComposedTypealiasSuccess.swift in Sources */,
				FD642E6A216242480049E0BF /* TestGenericArgumentVariableInjection.swift in Sources */,
				112D67AE2169501A00A9E6DF /* TestTypealiasedClassRegistration.swift in Sources */,
				112D67B4216954D500A9E6DF /* TestTypealiasedCompositionedMethodInjection.swift in Sources */,
				11264022216A5DB4008ED24C /* TestComposedTypealiasFailure.swift in Sources */,
				11264024216A5E26008ED24C /* TestTypealiasedComposedAliasingFailure.swift in Sources */,
				FD642E5E216240D80049E0BF /* TestTypedVariableInjection.swift in Sources */,
				FD6E0BEE21663E8C007AA232 /* TestInheritedInitializerInjection.swift in Sources */,
				FD642E62216241840049E0BF /* TestTaggedModificatorKeyPathInjection.swift in Sources */,
				117EFFF22142FEC30082EA06 /* MyPresenter.swift in Sources */,
				FD6E0BE82166378A007AA232 /* TestImplicitPlainGenericInitializerInjection.swift in Sources */,
				FD642E4E21623F250049E0BF /* TestExplicitGenericInitRegistration.swift in Sources */,
				FD642E4821623E930049E0BF /* TestExplicitInitRegistration.swift in Sources */,
				FD642F7B216345950049E0BF /* TestSeveralRegistrations.swift in Sources */,
				112D67B02169510C00A9E6DF /* TestTypealiasedVariableInjection.swift in Sources */,
			);
			runOnlyForDeploymentPostprocessing = 0;
		};
/* End PBXSourcesBuildPhase section */

/* Begin PBXVariantGroup section */
		117EFFDF2142FB210082EA06 /* Main.storyboard */ = {
			isa = PBXVariantGroup;
			children = (
				117EFFE02142FB210082EA06 /* Base */,
			);
			name = Main.storyboard;
			sourceTree = "<group>";
		};
		117EFFE42142FB230082EA06 /* LaunchScreen.storyboard */ = {
			isa = PBXVariantGroup;
			children = (
				117EFFE52142FB230082EA06 /* Base */,
			);
			name = LaunchScreen.storyboard;
			sourceTree = "<group>";
		};
/* End PBXVariantGroup section */

/* Begin XCBuildConfiguration section */
		117EFFE82142FB230082EA06 /* Debug */ = {
			isa = XCBuildConfiguration;
			buildSettings = {
				ALWAYS_SEARCH_USER_PATHS = NO;
				CLANG_ANALYZER_NONNULL = YES;
				CLANG_ANALYZER_NUMBER_OBJECT_CONVERSION = YES_AGGRESSIVE;
				CLANG_CXX_LANGUAGE_STANDARD = "gnu++14";
				CLANG_CXX_LIBRARY = "libc++";
				CLANG_ENABLE_MODULES = YES;
				CLANG_ENABLE_OBJC_ARC = YES;
				CLANG_ENABLE_OBJC_WEAK = YES;
				CLANG_WARN_BLOCK_CAPTURE_AUTORELEASING = YES;
				CLANG_WARN_BOOL_CONVERSION = YES;
				CLANG_WARN_COMMA = YES;
				CLANG_WARN_CONSTANT_CONVERSION = YES;
				CLANG_WARN_DEPRECATED_OBJC_IMPLEMENTATIONS = YES;
				CLANG_WARN_DIRECT_OBJC_ISA_USAGE = YES_ERROR;
				CLANG_WARN_DOCUMENTATION_COMMENTS = YES;
				CLANG_WARN_EMPTY_BODY = YES;
				CLANG_WARN_ENUM_CONVERSION = YES;
				CLANG_WARN_INFINITE_RECURSION = YES;
				CLANG_WARN_INT_CONVERSION = YES;
				CLANG_WARN_NON_LITERAL_NULL_CONVERSION = YES;
				CLANG_WARN_OBJC_IMPLICIT_RETAIN_SELF = YES;
				CLANG_WARN_OBJC_LITERAL_CONVERSION = YES;
				CLANG_WARN_OBJC_ROOT_CLASS = YES_ERROR;
				CLANG_WARN_RANGE_LOOP_ANALYSIS = YES;
				CLANG_WARN_STRICT_PROTOTYPES = YES;
				CLANG_WARN_SUSPICIOUS_MOVE = YES;
				CLANG_WARN_UNGUARDED_AVAILABILITY = YES_AGGRESSIVE;
				CLANG_WARN_UNREACHABLE_CODE = YES;
				CLANG_WARN__DUPLICATE_METHOD_MATCH = YES;
				CODE_SIGN_IDENTITY = "iPhone Developer";
				COPY_PHASE_STRIP = NO;
				DEBUG_INFORMATION_FORMAT = dwarf;
				ENABLE_STRICT_OBJC_MSGSEND = YES;
				ENABLE_TESTABILITY = YES;
				GCC_C_LANGUAGE_STANDARD = gnu11;
				GCC_DYNAMIC_NO_PIC = NO;
				GCC_NO_COMMON_BLOCKS = YES;
				GCC_OPTIMIZATION_LEVEL = 0;
				GCC_PREPROCESSOR_DEFINITIONS = (
					"DEBUG=1",
					"$(inherited)",
				);
				GCC_WARN_64_TO_32_BIT_CONVERSION = YES;
				GCC_WARN_ABOUT_RETURN_TYPE = YES_ERROR;
				GCC_WARN_UNDECLARED_SELECTOR = YES;
				GCC_WARN_UNINITIALIZED_AUTOS = YES_AGGRESSIVE;
				GCC_WARN_UNUSED_FUNCTION = YES;
				GCC_WARN_UNUSED_VARIABLE = YES;
				IPHONEOS_DEPLOYMENT_TARGET = 11.4;
				MTL_ENABLE_DEBUG_INFO = YES;
				ONLY_ACTIVE_ARCH = YES;
				SDKROOT = iphoneos;
				SWIFT_ACTIVE_COMPILATION_CONDITIONS = DEBUG;
				SWIFT_OPTIMIZATION_LEVEL = "-Onone";
			};
			name = Debug;
		};
		117EFFE92142FB230082EA06 /* Release */ = {
			isa = XCBuildConfiguration;
			buildSettings = {
				ALWAYS_SEARCH_USER_PATHS = NO;
				CLANG_ANALYZER_NONNULL = YES;
				CLANG_ANALYZER_NUMBER_OBJECT_CONVERSION = YES_AGGRESSIVE;
				CLANG_CXX_LANGUAGE_STANDARD = "gnu++14";
				CLANG_CXX_LIBRARY = "libc++";
				CLANG_ENABLE_MODULES = YES;
				CLANG_ENABLE_OBJC_ARC = YES;
				CLANG_ENABLE_OBJC_WEAK = YES;
				CLANG_WARN_BLOCK_CAPTURE_AUTORELEASING = YES;
				CLANG_WARN_BOOL_CONVERSION = YES;
				CLANG_WARN_COMMA = YES;
				CLANG_WARN_CONSTANT_CONVERSION = YES;
				CLANG_WARN_DEPRECATED_OBJC_IMPLEMENTATIONS = YES;
				CLANG_WARN_DIRECT_OBJC_ISA_USAGE = YES_ERROR;
				CLANG_WARN_DOCUMENTATION_COMMENTS = YES;
				CLANG_WARN_EMPTY_BODY = YES;
				CLANG_WARN_ENUM_CONVERSION = YES;
				CLANG_WARN_INFINITE_RECURSION = YES;
				CLANG_WARN_INT_CONVERSION = YES;
				CLANG_WARN_NON_LITERAL_NULL_CONVERSION = YES;
				CLANG_WARN_OBJC_IMPLICIT_RETAIN_SELF = YES;
				CLANG_WARN_OBJC_LITERAL_CONVERSION = YES;
				CLANG_WARN_OBJC_ROOT_CLASS = YES_ERROR;
				CLANG_WARN_RANGE_LOOP_ANALYSIS = YES;
				CLANG_WARN_STRICT_PROTOTYPES = YES;
				CLANG_WARN_SUSPICIOUS_MOVE = YES;
				CLANG_WARN_UNGUARDED_AVAILABILITY = YES_AGGRESSIVE;
				CLANG_WARN_UNREACHABLE_CODE = YES;
				CLANG_WARN__DUPLICATE_METHOD_MATCH = YES;
				CODE_SIGN_IDENTITY = "iPhone Developer";
				COPY_PHASE_STRIP = NO;
				DEBUG_INFORMATION_FORMAT = "dwarf-with-dsym";
				ENABLE_NS_ASSERTIONS = NO;
				ENABLE_STRICT_OBJC_MSGSEND = YES;
				GCC_C_LANGUAGE_STANDARD = gnu11;
				GCC_NO_COMMON_BLOCKS = YES;
				GCC_WARN_64_TO_32_BIT_CONVERSION = YES;
				GCC_WARN_ABOUT_RETURN_TYPE = YES_ERROR;
				GCC_WARN_UNDECLARED_SELECTOR = YES;
				GCC_WARN_UNINITIALIZED_AUTOS = YES_AGGRESSIVE;
				GCC_WARN_UNUSED_FUNCTION = YES;
				GCC_WARN_UNUSED_VARIABLE = YES;
				IPHONEOS_DEPLOYMENT_TARGET = 11.4;
				MTL_ENABLE_DEBUG_INFO = NO;
				SDKROOT = iphoneos;
				SWIFT_COMPILATION_MODE = wholemodule;
				SWIFT_OPTIMIZATION_LEVEL = "-O";
				VALIDATE_PRODUCT = YES;
			};
			name = Release;
		};
		117EFFEB2142FB230082EA06 /* Debug */ = {
			isa = XCBuildConfiguration;
			baseConfigurationReference = 6A58C79706F5DD0C467ADB0F /* Pods-LintableProject.debug.xcconfig */;
			buildSettings = {
				ASSETCATALOG_COMPILER_APPICON_NAME = AppIcon;
				CODE_SIGN_STYLE = Automatic;
				DEVELOPMENT_TEAM = TXT5Y2EP72;
				INFOPLIST_FILE = LintableProject/Info.plist;
				LD_RUNPATH_SEARCH_PATHS = (
					"$(inherited)",
					"@executable_path/Frameworks",
				);
				PRODUCT_BUNDLE_IDENTIFIER = org.patskovn.LintableProject;
				PRODUCT_NAME = "$(TARGET_NAME)";
				SWIFT_VERSION = 4.2;
				TARGETED_DEVICE_FAMILY = "1,2";
			};
			name = Debug;
		};
		117EFFEC2142FB230082EA06 /* Release */ = {
			isa = XCBuildConfiguration;
			baseConfigurationReference = B155841C5469E9BB60055504 /* Pods-LintableProject.release.xcconfig */;
			buildSettings = {
				ASSETCATALOG_COMPILER_APPICON_NAME = AppIcon;
				CODE_SIGN_STYLE = Automatic;
				DEVELOPMENT_TEAM = TXT5Y2EP72;
				INFOPLIST_FILE = LintableProject/Info.plist;
				LD_RUNPATH_SEARCH_PATHS = (
					"$(inherited)",
					"@executable_path/Frameworks",
				);
				PRODUCT_BUNDLE_IDENTIFIER = org.patskovn.LintableProject;
				PRODUCT_NAME = "$(TARGET_NAME)";
				SWIFT_VERSION = 4.2;
				TARGETED_DEVICE_FAMILY = "1,2";
			};
			name = Release;
		};
/* End XCBuildConfiguration section */

/* Begin XCConfigurationList section */
		117EFFD32142FB210082EA06 /* Build configuration list for PBXProject "LintableProject" */ = {
			isa = XCConfigurationList;
			buildConfigurations = (
				117EFFE82142FB230082EA06 /* Debug */,
				117EFFE92142FB230082EA06 /* Release */,
			);
			defaultConfigurationIsVisible = 0;
			defaultConfigurationName = Release;
		};
		117EFFEA2142FB230082EA06 /* Build configuration list for PBXNativeTarget "LintableProject" */ = {
			isa = XCConfigurationList;
			buildConfigurations = (
				117EFFEB2142FB230082EA06 /* Debug */,
				117EFFEC2142FB230082EA06 /* Release */,
			);
			defaultConfigurationIsVisible = 0;
			defaultConfigurationName = Release;
		};
/* End XCConfigurationList section */
	};
	rootObject = 117EFFD02142FB210082EA06 /* Project object */;
}
